
Microsoft Visual Studio Solution File, Format Version 12.00
# Visual Studio Version 17
VisualStudioVersion = 17.0.31903.59
MinimumVisualStudioVersion = 10.0.40219.1
Project("{FAE04EC0-301F-11D3-BF4B-00C04F79EFBC}") = "WebAPI", "WebAPI\WebAPI.csproj", "{2674EB04-BD46-491B-B6A8-3ECA7C560EF9}"
EndProject
Project("{FAE04EC0-301F-11D3-BF4B-00C04F79EFBC}") = "WebApp", "WebApp\WebApp.csproj", "{70A92FAD-FA95-49B7-B07A-C12499D44459}"
EndProject
Project("{FAE04EC0-301F-11D3-BF4B-00C04F79EFBC}") = "WebAPI.Tests", "WebAPI.Tests\WebAPI.Tests.csproj", "{9C278EE9-DF87-40B8-BF1E-4A156716B069}"
EndProject
Global
	GlobalSection(SolutionConfigurationPlatforms) = preSolution
		Debug|Any CPU = Debug|Any CPU
		Release|Any CPU = Release|Any CPU
	EndGlobalSection
	GlobalSection(SolutionProperties) = preSolution
		HideSolutionNode = FALSE
	EndGlobalSection
	GlobalSection(ProjectConfigurationPlatforms) = postSolution
		{2674EB04-BD46-491B-B6A8-3ECA7C560EF9}.Debug|Any CPU.ActiveCfg = Debug|Any CPU
		{2674EB04-BD46-491B-B6A8-3ECA7C560EF9}.Debug|Any CPU.Build.0 = Debug|Any CPU
		{2674EB04-BD46-491B-B6A8-3ECA7C560EF9}.Release|Any CPU.ActiveCfg = Release|Any CPU
		{2674EB04-BD46-491B-B6A8-3ECA7C560EF9}.Release|Any CPU.Build.0 = Release|Any CPU
		{70A92FAD-FA95-49B7-B07A-C12499D44459}.Debug|Any CPU.ActiveCfg = Debug|Any CPU
		{70A92FAD-FA95-49B7-B07A-C12499D44459}.Debug|Any CPU.Build.0 = Debug|Any CPU
		{70A92FAD-FA95-49B7-B07A-C12499D44459}.Release|Any CPU.ActiveCfg = Release|Any CPU
		{70A92FAD-FA95-49B7-B07A-C12499D44459}.Release|Any CPU.Build.0 = Release|Any CPU
		{9C278EE9-DF87-40B8-BF1E-4A156716B069}.Debug|Any CPU.ActiveCfg = Debug|Any CPU
		{9C278EE9-DF87-40B8-BF1E-4A156716B069}.Debug|Any CPU.Build.0 = Debug|Any CPU
		{9C278EE9-DF87-40B8-BF1E-4A156716B069}.Release|Any CPU.ActiveCfg = Release|Any CPU
		{9C278EE9-DF87-40B8-BF1E-4A156716B069}.Release|Any CPU.Build.0 = Release|Any CPU
	EndGlobalSection
EndGlobal
